
Microsoft Visual Studio Solution File, Format Version 12.00
# Visual Studio Version 17
VisualStudioVersion = 17.0.31903.59
MinimumVisualStudioVersion = 10.0.40219.1
Project("{FAE04EC0-301F-11D3-BF4B-00C04F79EFBC}") = "Domain", "Domain\Domain.csproj", "{EA52F4A4-5B12-415D-B118-4C0C1F1091B6}"
EndProject
Project("{FAE04EC0-301F-11D3-BF4B-00C04F79EFBC}") = "Application", "Application\Application.csproj", "{FDB9DC80-8D0C-4D01-845C-2147B3477722}"
EndProject
Project("{FAE04EC0-301F-11D3-BF4B-00C04F79EFBC}") = "Infrastructure", "Infrastructure\Infrastructure.csproj", "{6FFC1D6C-06AD-455C-99A9-9F0779323F91}"
EndProject
Project("{FAE04EC0-301F-11D3-BF4B-00C04F79EFBC}") = "API", "API\API.csproj", "{06C31172-7A90-412A-8BFB-D3E79CF9FE9D}"
EndProject
Global
	GlobalSection(SolutionConfigurationPlatforms) = preSolution
		Debug|Any CPU = Debug|Any CPU
		Debug|x64 = Debug|x64
		Debug|x86 = Debug|x86
		Release|Any CPU = Release|Any CPU
		Release|x64 = Release|x64
		Release|x86 = Release|x86
	EndGlobalSection
	GlobalSection(ProjectConfigurationPlatforms) = postSolution
		{EA52F4A4-5B12-415D-B118-4C0C1F1091B6}.Debug|Any CPU.ActiveCfg = Debug|Any CPU
		{EA52F4A4-5B12-415D-B118-4C0C1F1091B6}.Debug|Any CPU.Build.0 = Debug|Any CPU
		{EA52F4A4-5B12-415D-B118-4C0C1F1091B6}.Debug|x64.ActiveCfg = Debug|Any CPU
		{EA52F4A4-5B12-415D-B118-4C0C1F1091B6}.Debug|x64.Build.0 = Debug|Any CPU
		{EA52F4A4-5B12-415D-B118-4C0C1F1091B6}.Debug|x86.ActiveCfg = Debug|Any CPU
		{EA52F4A4-5B12-415D-B118-4C0C1F1091B6}.Debug|x86.Build.0 = Debug|Any CPU
		{EA52F4A4-5B12-415D-B118-4C0C1F1091B6}.Release|Any CPU.ActiveCfg = Release|Any CPU
		{EA52F4A4-5B12-415D-B118-4C0C1F1091B6}.Release|Any CPU.Build.0 = Release|Any CPU
		{EA52F4A4-5B12-415D-B118-4C0C1F1091B6}.Release|x64.ActiveCfg = Release|Any CPU
		{EA52F4A4-5B12-415D-B118-4C0C1F1091B6}.Release|x64.Build.0 = Release|Any CPU
		{EA52F4A4-5B12-415D-B118-4C0C1F1091B6}.Release|x86.ActiveCfg = Release|Any CPU
		{EA52F4A4-5B12-415D-B118-4C0C1F1091B6}.Release|x86.Build.0 = Release|Any CPU
		{FDB9DC80-8D0C-4D01-845C-2147B3477722}.Debug|Any CPU.ActiveCfg = Debug|Any CPU
		{FDB9DC80-8D0C-4D01-845C-2147B3477722}.Debug|Any CPU.Build.0 = Debug|Any CPU
		{FDB9DC80-8D0C-4D01-845C-2147B3477722}.Debug|x64.ActiveCfg = Debug|Any CPU
		{FDB9DC80-8D0C-4D01-845C-2147B3477722}.Debug|x64.Build.0 = Debug|Any CPU
		{FDB9DC80-8D0C-4D01-845C-2147B3477722}.Debug|x86.ActiveCfg = Debug|Any CPU
		{FDB9DC80-8D0C-4D01-845C-2147B3477722}.Debug|x86.Build.0 = Debug|Any CPU
		{FDB9DC80-8D0C-4D01-845C-2147B3477722}.Release|Any CPU.ActiveCfg = Release|Any CPU
		{FDB9DC80-8D0C-4D01-845C-2147B3477722}.Release|Any CPU.Build.0 = Release|Any CPU
		{FDB9DC80-8D0C-4D01-845C-2147B3477722}.Release|x64.ActiveCfg = Release|Any CPU
		{FDB9DC80-8D0C-4D01-845C-2147B3477722}.Release|x64.Build.0 = Release|Any CPU
		{FDB9DC80-8D0C-4D01-845C-2147B3477722}.Release|x86.ActiveCfg = Release|Any CPU
		{FDB9DC80-8D0C-4D01-845C-2147B3477722}.Release|x86.Build.0 = Release|Any CPU
		{6FFC1D6C-06AD-455C-99A9-9F0779323F91}.Debug|Any CPU.ActiveCfg = Debug|Any CPU
		{6FFC1D6C-06AD-455C-99A9-9F0779323F91}.Debug|Any CPU.Build.0 = Debug|Any CPU
		{6FFC1D6C-06AD-455C-99A9-9F0779323F91}.Debug|x64.ActiveCfg = Debug|Any CPU
		{6FFC1D6C-06AD-455C-99A9-9F0779323F91}.Debug|x64.Build.0 = Debug|Any CPU
		{6FFC1D6C-06AD-455C-99A9-9F0779323F91}.Debug|x86.ActiveCfg = Debug|Any CPU
		{6FFC1D6C-06AD-455C-99A9-9F0779323F91}.Debug|x86.Build.0 = Debug|Any CPU
		{6FFC1D6C-06AD-455C-99A9-9F0779323F91}.Release|Any CPU.ActiveCfg = Release|Any CPU
		{6FFC1D6C-06AD-455C-99A9-9F0779323F91}.Release|Any CPU.Build.0 = Release|Any CPU
		{6FFC1D6C-06AD-455C-99A9-9F0779323F91}.Release|x64.ActiveCfg = Release|Any CPU
		{6FFC1D6C-06AD-455C-99A9-9F0779323F91}.Release|x64.Build.0 = Release|Any CPU
		{6FFC1D6C-06AD-455C-99A9-9F0779323F91}.Release|x86.ActiveCfg = Release|Any CPU
		{6FFC1D6C-06AD-455C-99A9-9F0779323F91}.Release|x86.Build.0 = Release|Any CPU
		{06C31172-7A90-412A-8BFB-D3E79CF9FE9D}.Debug|Any CPU.ActiveCfg = Debug|Any CPU
		{06C31172-7A90-412A-8BFB-D3E79CF9FE9D}.Debug|Any CPU.Build.0 = Debug|Any CPU
		{06C31172-7A90-412A-8BFB-D3E79CF9FE9D}.Debug|x64.ActiveCfg = Debug|Any CPU
		{06C31172-7A90-412A-8BFB-D3E79CF9FE9D}.Debug|x64.Build.0 = Debug|Any CPU
		{06C31172-7A90-412A-8BFB-D3E79CF9FE9D}.Debug|x86.ActiveCfg = Debug|Any CPU
		{06C31172-7A90-412A-8BFB-D3E79CF9FE9D}.Debug|x86.Build.0 = Debug|Any CPU
		{06C31172-7A90-412A-8BFB-D3E79CF9FE9D}.Release|Any CPU.ActiveCfg = Release|Any CPU
		{06C31172-7A90-412A-8BFB-D3E79CF9FE9D}.Release|Any CPU.Build.0 = Release|Any CPU
		{06C31172-7A90-412A-8BFB-D3E79CF9FE9D}.Release|x64.ActiveCfg = Release|Any CPU
		{06C31172-7A90-412A-8BFB-D3E79CF9FE9D}.Release|x64.Build.0 = Release|Any CPU
		{06C31172-7A90-412A-8BFB-D3E79CF9FE9D}.Release|x86.ActiveCfg = Release|Any CPU
		{06C31172-7A90-412A-8BFB-D3E79CF9FE9D}.Release|x86.Build.0 = Release|Any CPU
	EndGlobalSection
	GlobalSection(SolutionProperties) = preSolution
		HideSolutionNode = FALSE
	EndGlobalSection
EndGlobal
